// !$*UTF8*$!
{
	archiveVersion = 1;
	classes = {
	};
	objectVersion = 77;
	objects = {

/* Begin PBXBuildFile section */
		8242321B2E58290900A64204 /* Yams in Frameworks */ = {isa = PBXBuildFile; productRef = 8242321A2E58290900A64204 /* Yams */; };
		8242321E2E58363700A64204 /* JSONSchema in Frameworks */ = {isa = PBXBuildFile; productRef = 8242321D2E58363700A64204 /* JSONSchema */; };
		824232402E585C8F00A64204 /* SwiftyJSON in Frameworks */ = {isa = PBXBuildFile; productRef = 8242323F2E585C8F00A64204 /* SwiftyJSON */; };
		828767062E4C7759003D6767 /* Secrets.xcconfig in Resources */ = {isa = PBXBuildFile; fileRef = 828767052E4C7759003D6767 /* Secrets.xcconfig */; };
		8287671E2E4C7DEF003D6767 /* Supabase in Frameworks */ = {isa = PBXBuildFile; productRef = 8287671D2E4C7DEF003D6767 /* Supabase */; };
/* End PBXBuildFile section */

/* Begin PBXContainerItemProxy section */
		828766CD2E4B9469003D6767 /* PBXContainerItemProxy */ = {
			isa = PBXContainerItemProxy;
			containerPortal = 828766B72E4B9467003D6767 /* Project object */;
			proxyType = 1;
			remoteGlobalIDString = 828766BE2E4B9467003D6767;
			remoteInfo = "CnPhetApp-iOS";
		};
		828766D72E4B9469003D6767 /* PBXContainerItemProxy */ = {
			isa = PBXContainerItemProxy;
			containerPortal = 828766B72E4B9467003D6767 /* Project object */;
			proxyType = 1;
			remoteGlobalIDString = 828766BE2E4B9467003D6767;
			remoteInfo = "CnPhetApp-iOS";
		};
/* End PBXContainerItemProxy section */

/* Begin PBXFileReference section */
		828766BF2E4B9467003D6767 /* CnPhetApp-iOS.app */ = {isa = PBXFileReference; explicitFileType = wrapper.application; includeInIndex = 0; path = "CnPhetApp-iOS.app"; sourceTree = BUILT_PRODUCTS_DIR; };
		828766CC2E4B9469003D6767 /* CnPhetApp-iOSTests.xctest */ = {isa = PBXFileReference; explicitFileType = wrapper.cfbundle; includeInIndex = 0; path = "CnPhetApp-iOSTests.xctest"; sourceTree = BUILT_PRODUCTS_DIR; };
		828766D62E4B9469003D6767 /* CnPhetApp-iOSUITests.xctest */ = {isa = PBXFileReference; explicitFileType = wrapper.cfbundle; includeInIndex = 0; path = "CnPhetApp-iOSUITests.xctest"; sourceTree = BUILT_PRODUCTS_DIR; };
		828767052E4C7759003D6767 /* Secrets.xcconfig */ = {isa = PBXFileReference; lastKnownFileType = text.xcconfig; path = Secrets.xcconfig; sourceTree = "<group>"; };
/* End PBXFileReference section */

/* Begin PBXFileSystemSynchronizedBuildFileExceptionSet section */
		828767082E4C783C003D6767 /* Exceptions for "CnPhetApp-iOS" folder in "CnPhetApp-iOS" target */ = {
			isa = PBXFileSystemSynchronizedBuildFileExceptionSet;
			membershipExceptions = (
				Info.plist,
			);
			target = 828766BE2E4B9467003D6767 /* CnPhetApp-iOS */;
		};
/* End PBXFileSystemSynchronizedBuildFileExceptionSet section */

/* Begin PBXFileSystemSynchronizedRootGroup section */
		828766C12E4B9467003D6767 /* CnPhetApp-iOS */ = {
			isa = PBXFileSystemSynchronizedRootGroup;
			exceptions = (
				828767082E4C783C003D6767 /* Exceptions for "CnPhetApp-iOS" folder in "CnPhetApp-iOS" target */,
			);
			path = "CnPhetApp-iOS";
			sourceTree = "<group>";
		};
		828766CF2E4B9469003D6767 /* CnPhetApp-iOSTests */ = {
			isa = PBXFileSystemSynchronizedRootGroup;
			path = "CnPhetApp-iOSTests";
			sourceTree = "<group>";
		};
		828766D92E4B9469003D6767 /* CnPhetApp-iOSUITests */ = {
			isa = PBXFileSystemSynchronizedRootGroup;
			path = "CnPhetApp-iOSUITests";
			sourceTree = "<group>";
		};
/* End PBXFileSystemSynchronizedRootGroup section */

/* Begin PBXFrameworksBuildPhase section */
		828766BC2E4B9467003D6767 /* Frameworks */ = {
			isa = PBXFrameworksBuildPhase;
			buildActionMask = 2147483647;
			files = (
				8242321B2E58290900A64204 /* Yams in Frameworks */,
				8287671E2E4C7DEF003D6767 /* Supabase in Frameworks */,
				824232402E585C8F00A64204 /* SwiftyJSON in Frameworks */,
				8242321E2E58363700A64204 /* JSONSchema in Frameworks */,
			);
			runOnlyForDeploymentPostprocessing = 0;
		};
		828766C92E4B9469003D6767 /* Frameworks */ = {
			isa = PBXFrameworksBuildPhase;
			buildActionMask = 2147483647;
			files = (
			);
			runOnlyForDeploymentPostprocessing = 0;
		};
		828766D32E4B9469003D6767 /* Frameworks */ = {
			isa = PBXFrameworksBuildPhase;
			buildActionMask = 2147483647;
			files = (
			);
			runOnlyForDeploymentPostprocessing = 0;
		};
/* End PBXFrameworksBuildPhase section */

/* Begin PBXGroup section */
		828766B62E4B9467003D6767 = {
			isa = PBXGroup;
			children = (
				828766C12E4B9467003D6767 /* CnPhetApp-iOS */,
				828766CF2E4B9469003D6767 /* CnPhetApp-iOSTests */,
				828766D92E4B9469003D6767 /* CnPhetApp-iOSUITests */,
				828766C02E4B9467003D6767 /* Products */,
				828767052E4C7759003D6767 /* Secrets.xcconfig */,
				8287671C2E4C7DE4003D6767 /* Frameworks */,
			);
			sourceTree = "<group>";
		};
		828766C02E4B9467003D6767 /* Products */ = {
			isa = PBXGroup;
			children = (
				828766BF2E4B9467003D6767 /* CnPhetApp-iOS.app */,
				828766CC2E4B9469003D6767 /* CnPhetApp-iOSTests.xctest */,
				828766D62E4B9469003D6767 /* CnPhetApp-iOSUITests.xctest */,
			);
			name = Products;
			sourceTree = "<group>";
		};
		8287671C2E4C7DE4003D6767 /* Frameworks */ = {
			isa = PBXGroup;
			children = (
			);
			name = Frameworks;
			sourceTree = "<group>";
		};
/* End PBXGroup section */

/* Begin PBXNativeTarget section */
		828766BE2E4B9467003D6767 /* CnPhetApp-iOS */ = {
			isa = PBXNativeTarget;
			buildConfigurationList = 828766E02E4B9469003D6767 /* Build configuration list for PBXNativeTarget "CnPhetApp-iOS" */;
			buildPhases = (
				828766BB2E4B9467003D6767 /* Sources */,
				828766BC2E4B9467003D6767 /* Frameworks */,
				828766BD2E4B9467003D6767 /* Resources */,
			);
			buildRules = (
			);
			dependencies = (
			);
			fileSystemSynchronizedGroups = (
				828766C12E4B9467003D6767 /* CnPhetApp-iOS */,
			);
			name = "CnPhetApp-iOS";
			packageProductDependencies = (
				8287671D2E4C7DEF003D6767 /* Supabase */,
				8242321A2E58290900A64204 /* Yams */,
				8242321D2E58363700A64204 /* JSONSchema */,
				8242323F2E585C8F00A64204 /* SwiftyJSON */,
			);
			productName = "CnPhetApp-iOS";
			productReference = 828766BF2E4B9467003D6767 /* CnPhetApp-iOS.app */;
			productType = "com.apple.product-type.application";
		};
		828766CB2E4B9469003D6767 /* CnPhetApp-iOSTests */ = {
			isa = PBXNativeTarget;
			buildConfigurationList = 828766E32E4B9469003D6767 /* Build configuration list for PBXNativeTarget "CnPhetApp-iOSTests" */;
			buildPhases = (
				828766C82E4B9469003D6767 /* Sources */,
				828766C92E4B9469003D6767 /* Frameworks */,
				828766CA2E4B9469003D6767 /* Resources */,
			);
			buildRules = (
			);
			dependencies = (
				828766CE2E4B9469003D6767 /* PBXTargetDependency */,
			);
			fileSystemSynchronizedGroups = (
				828766CF2E4B9469003D6767 /* CnPhetApp-iOSTests */,
			);
			name = "CnPhetApp-iOSTests";
			packageProductDependencies = (
			);
			productName = "CnPhetApp-iOSTests";
			productReference = 828766CC2E4B9469003D6767 /* CnPhetApp-iOSTests.xctest */;
			productType = "com.apple.product-type.bundle.unit-test";
		};
		828766D52E4B9469003D6767 /* CnPhetApp-iOSUITests */ = {
			isa = PBXNativeTarget;
			buildConfigurationList = 828766E62E4B9469003D6767 /* Build configuration list for PBXNativeTarget "CnPhetApp-iOSUITests" */;
			buildPhases = (
				828766D22E4B9469003D6767 /* Sources */,
				828766D32E4B9469003D6767 /* Frameworks */,
				828766D42E4B9469003D6767 /* Resources */,
			);
			buildRules = (
			);
			dependencies = (
				828766D82E4B9469003D6767 /* PBXTargetDependency */,
			);
			fileSystemSynchronizedGroups = (
				828766D92E4B9469003D6767 /* CnPhetApp-iOSUITests */,
			);
			name = "CnPhetApp-iOSUITests";
			packageProductDependencies = (
			);
			productName = "CnPhetApp-iOSUITests";
			productReference = 828766D62E4B9469003D6767 /* CnPhetApp-iOSUITests.xctest */;
			productType = "com.apple.product-type.bundle.ui-testing";
		};
/* End PBXNativeTarget section */

/* Begin PBXProject section */
		828766B72E4B9467003D6767 /* Project object */ = {
			isa = PBXProject;
			attributes = {
				BuildIndependentTargetsInParallel = 1;
				LastSwiftUpdateCheck = 1640;
				LastUpgradeCheck = 1640;
				TargetAttributes = {
					828766BE2E4B9467003D6767 = {
						CreatedOnToolsVersion = 16.4;
					};
					828766CB2E4B9469003D6767 = {
						CreatedOnToolsVersion = 16.4;
						TestTargetID = 828766BE2E4B9467003D6767;
					};
					828766D52E4B9469003D6767 = {
						CreatedOnToolsVersion = 16.4;
						TestTargetID = 828766BE2E4B9467003D6767;
					};
				};
			};
			buildConfigurationList = 828766BA2E4B9467003D6767 /* Build configuration list for PBXProject "CnPhetApp-iOS" */;
			developmentRegion = en;
			hasScannedForEncodings = 0;
			knownRegions = (
				en,
				Base,
			);
			mainGroup = 828766B62E4B9467003D6767;
			minimizedProjectReferenceProxies = 1;
			packageReferences = (
				828767092E4C78ED003D6767 /* XCRemoteSwiftPackageReference "supabase-swift" */,
				824232192E5827EB00A64204 /* XCRemoteSwiftPackageReference "Yams" */,
				8242321C2E58362B00A64204 /* XCRemoteSwiftPackageReference "JSONSchema" */,
				8242323E2E585C8700A64204 /* XCRemoteSwiftPackageReference "SwiftyJSON" */,
			);
			preferredProjectObjectVersion = 77;
			productRefGroup = 828766C02E4B9467003D6767 /* Products */;
			projectDirPath = "";
			projectRoot = "";
			targets = (
				828766BE2E4B9467003D6767 /* CnPhetApp-iOS */,
				828766CB2E4B9469003D6767 /* CnPhetApp-iOSTests */,
				828766D52E4B9469003D6767 /* CnPhetApp-iOSUITests */,
			);
		};
/* End PBXProject section */

/* Begin PBXResourcesBuildPhase section */
		828766BD2E4B9467003D6767 /* Resources */ = {
			isa = PBXResourcesBuildPhase;
			buildActionMask = 2147483647;
			files = (
				828767062E4C7759003D6767 /* Secrets.xcconfig in Resources */,
			);
			runOnlyForDeploymentPostprocessing = 0;
		};
		828766CA2E4B9469003D6767 /* Resources */ = {
			isa = PBXResourcesBuildPhase;
			buildActionMask = 2147483647;
			files = (
			);
			runOnlyForDeploymentPostprocessing = 0;
		};
		828766D42E4B9469003D6767 /* Resources */ = {
			isa = PBXResourcesBuildPhase;
			buildActionMask = 2147483647;
			files = (
			);
			runOnlyForDeploymentPostprocessing = 0;
		};
/* End PBXResourcesBuildPhase section */

/* Begin PBXSourcesBuildPhase section */
		828766BB2E4B9467003D6767 /* Sources */ = {
			isa = PBXSourcesBuildPhase;
			buildActionMask = 2147483647;
			files = (
			);
			runOnlyForDeploymentPostprocessing = 0;
		};
		828766C82E4B9469003D6767 /* Sources */ = {
			isa = PBXSourcesBuildPhase;
			buildActionMask = 2147483647;
			files = (
			);
			runOnlyForDeploymentPostprocessing = 0;
		};
		828766D22E4B9469003D6767 /* Sources */ = {
			isa = PBXSourcesBuildPhase;
			buildActionMask = 2147483647;
			files = (
			);
			runOnlyForDeploymentPostprocessing = 0;
		};
/* End PBXSourcesBuildPhase section */

/* Begin PBXTargetDependency section */
		828766CE2E4B9469003D6767 /* PBXTargetDependency */ = {
			isa = PBXTargetDependency;
			target = 828766BE2E4B9467003D6767 /* CnPhetApp-iOS */;
			targetProxy = 828766CD2E4B9469003D6767 /* PBXContainerItemProxy */;
		};
		828766D82E4B9469003D6767 /* PBXTargetDependency */ = {
			isa = PBXTargetDependency;
			target = 828766BE2E4B9467003D6767 /* CnPhetApp-iOS */;
			targetProxy = 828766D72E4B9469003D6767 /* PBXContainerItemProxy */;
		};
/* End PBXTargetDependency section */

/* Begin XCBuildConfiguration section */
		828766DE2E4B9469003D6767 /* Debug */ = {
			isa = XCBuildConfiguration;
			baseConfigurationReference = 828767052E4C7759003D6767 /* Secrets.xcconfig */;
			buildSettings = {
				ALWAYS_SEARCH_USER_PATHS = NO;
				ASSETCATALOG_COMPILER_GENERATE_SWIFT_ASSET_SYMBOL_EXTENSIONS = YES;
				CLANG_ANALYZER_NONNULL = YES;
				CLANG_ANALYZER_NUMBER_OBJECT_CONVERSION = YES_AGGRESSIVE;
				CLANG_CXX_LANGUAGE_STANDARD = "gnu++20";
				CLANG_ENABLE_MODULES = YES;
				CLANG_ENABLE_OBJC_ARC = YES;
				CLANG_ENABLE_OBJC_WEAK = YES;
				CLANG_WARN_BLOCK_CAPTURE_AUTORELEASING = YES;
				CLANG_WARN_BOOL_CONVERSION = YES;
				CLANG_WARN_COMMA = YES;
				CLANG_WARN_CONSTANT_CONVERSION = YES;
				CLANG_WARN_DEPRECATED_OBJC_IMPLEMENTATIONS = YES;
				CLANG_WARN_DIRECT_OBJC_ISA_USAGE = YES_ERROR;
				CLANG_WARN_DOCUMENTATION_COMMENTS = YES;
				CLANG_WARN_EMPTY_BODY = YES;
				CLANG_WARN_ENUM_CONVERSION = YES;
				CLANG_WARN_INFINITE_RECURSION = YES;
				CLANG_WARN_INT_CONVERSION = YES;
				CLANG_WARN_NON_LITERAL_NULL_CONVERSION = YES;
				CLANG_WARN_OBJC_IMPLICIT_RETAIN_SELF = YES;
				CLANG_WARN_OBJC_LITERAL_CONVERSION = YES;
				CLANG_WARN_OBJC_ROOT_CLASS = YES_ERROR;
				CLANG_WARN_QUOTED_INCLUDE_IN_FRAMEWORK_HEADER = YES;
				CLANG_WARN_RANGE_LOOP_ANALYSIS = YES;
				CLANG_WARN_STRICT_PROTOTYPES = YES;
				CLANG_WARN_SUSPICIOUS_MOVE = YES;
				CLANG_WARN_UNGUARDED_AVAILABILITY = YES_AGGRESSIVE;
				CLANG_WARN_UNREACHABLE_CODE = YES;
				CLANG_WARN__DUPLICATE_METHOD_MATCH = YES;
				COPY_PHASE_STRIP = NO;
				DEBUG_INFORMATION_FORMAT = dwarf;
				ENABLE_STRICT_OBJC_MSGSEND = YES;
				ENABLE_TESTABILITY = YES;
				ENABLE_USER_SCRIPT_SANDBOXING = YES;
				GCC_C_LANGUAGE_STANDARD = gnu17;
				GCC_DYNAMIC_NO_PIC = NO;
				GCC_NO_COMMON_BLOCKS = YES;
				GCC_OPTIMIZATION_LEVEL = 0;
				GCC_PREPROCESSOR_DEFINITIONS = (
					"DEBUG=1",
					"$(inherited)",
				);
				GCC_WARN_64_TO_32_BIT_CONVERSION = YES;
				GCC_WARN_ABOUT_RETURN_TYPE = YES_ERROR;
				GCC_WARN_UNDECLARED_SELECTOR = YES;
				GCC_WARN_UNINITIALIZED_AUTOS = YES_AGGRESSIVE;
				GCC_WARN_UNUSED_FUNCTION = YES;
				GCC_WARN_UNUSED_VARIABLE = YES;
				IPHONEOS_DEPLOYMENT_TARGET = 18.5;
				LOCALIZATION_PREFERS_STRING_CATALOGS = YES;
				MTL_ENABLE_DEBUG_INFO = INCLUDE_SOURCE;
				MTL_FAST_MATH = YES;
				ONLY_ACTIVE_ARCH = YES;
				SDKROOT = iphoneos;
				SWIFT_ACTIVE_COMPILATION_CONDITIONS = "DEBUG $(inherited)";
				SWIFT_OPTIMIZATION_LEVEL = "-Onone";
			};
			name = Debug;
		};
		828766DF2E4B9469003D6767 /* Release */ = {
			isa = XCBuildConfiguration;
			baseConfigurationReference = 828767052E4C7759003D6767 /* Secrets.xcconfig */;
			buildSettings = {
				ALWAYS_SEARCH_USER_PATHS = NO;
				ASSETCATALOG_COMPILER_GENERATE_SWIFT_ASSET_SYMBOL_EXTENSIONS = YES;
				CLANG_ANALYZER_NONNULL = YES;
				CLANG_ANALYZER_NUMBER_OBJECT_CONVERSION = YES_AGGRESSIVE;
				CLANG_CXX_LANGUAGE_STANDARD = "gnu++20";
				CLANG_ENABLE_MODULES = YES;
				CLANG_ENABLE_OBJC_ARC = YES;
				CLANG_ENABLE_OBJC_WEAK = YES;
				CLANG_WARN_BLOCK_CAPTURE_AUTORELEASING = YES;
				CLANG_WARN_BOOL_CONVERSION = YES;
				CLANG_WARN_COMMA = YES;
				CLANG_WARN_CONSTANT_CONVERSION = YES;
				CLANG_WARN_DEPRECATED_OBJC_IMPLEMENTATIONS = YES;
				CLANG_WARN_DIRECT_OBJC_ISA_USAGE = YES_ERROR;
				CLANG_WARN_DOCUMENTATION_COMMENTS = YES;
				CLANG_WARN_EMPTY_BODY = YES;
				CLANG_WARN_ENUM_CONVERSION = YES;
				CLANG_WARN_INFINITE_RECURSION = YES;
				CLANG_WARN_INT_CONVERSION = YES;
				CLANG_WARN_NON_LITERAL_NULL_CONVERSION = YES;
				CLANG_WARN_OBJC_IMPLICIT_RETAIN_SELF = YES;
				CLANG_WARN_OBJC_LITERAL_CONVERSION = YES;
				CLANG_WARN_OBJC_ROOT_CLASS = YES_ERROR;
				CLANG_WARN_QUOTED_INCLUDE_IN_FRAMEWORK_HEADER = YES;
				CLANG_WARN_RANGE_LOOP_ANALYSIS = YES;
				CLANG_WARN_STRICT_PROTOTYPES = YES;
				CLANG_WARN_SUSPICIOUS_MOVE = YES;
				CLANG_WARN_UNGUARDED_AVAILABILITY = YES_AGGRESSIVE;
				CLANG_WARN_UNREACHABLE_CODE = YES;
				CLANG_WARN__DUPLICATE_METHOD_MATCH = YES;
				COPY_PHASE_STRIP = NO;
				DEBUG_INFORMATION_FORMAT = "dwarf-with-dsym";
				ENABLE_NS_ASSERTIONS = NO;
				ENABLE_STRICT_OBJC_MSGSEND = YES;
				ENABLE_USER_SCRIPT_SANDBOXING = YES;
				GCC_C_LANGUAGE_STANDARD = gnu17;
				GCC_NO_COMMON_BLOCKS = YES;
				GCC_WARN_64_TO_32_BIT_CONVERSION = YES;
				GCC_WARN_ABOUT_RETURN_TYPE = YES_ERROR;
				GCC_WARN_UNDECLARED_SELECTOR = YES;
				GCC_WARN_UNINITIALIZED_AUTOS = YES_AGGRESSIVE;
				GCC_WARN_UNUSED_FUNCTION = YES;
				GCC_WARN_UNUSED_VARIABLE = YES;
				IPHONEOS_DEPLOYMENT_TARGET = 18.5;
				LOCALIZATION_PREFERS_STRING_CATALOGS = YES;
				MTL_ENABLE_DEBUG_INFO = NO;
				MTL_FAST_MATH = YES;
				SDKROOT = iphoneos;
				SWIFT_COMPILATION_MODE = wholemodule;
				VALIDATE_PRODUCT = YES;
			};
			name = Release;
		};
		828766E12E4B9469003D6767 /* Debug */ = {
			isa = XCBuildConfiguration;
			baseConfigurationReference = 828767052E4C7759003D6767 /* Secrets.xcconfig */;
			buildSettings = {
				ASSETCATALOG_COMPILER_APPICON_NAME = AppIcon;
				ASSETCATALOG_COMPILER_GLOBAL_ACCENT_COLOR_NAME = AccentColor;
				CODE_SIGN_STYLE = Automatic;
				CURRENT_PROJECT_VERSION = 1;
				ENABLE_PREVIEWS = YES;
				GENERATE_INFOPLIST_FILE = YES;
				INFOPLIST_FILE = "CnPhetApp-iOS/Info.plist";
				INFOPLIST_KEY_CFBundleDisplayName = "理科实验室";
				INFOPLIST_KEY_UIApplicationSceneManifest_Generation = YES;
				INFOPLIST_KEY_UIApplicationSupportsIndirectInputEvents = YES;
				INFOPLIST_KEY_UILaunchScreen_Generation = YES;
				INFOPLIST_KEY_UISupportedInterfaceOrientations_iPad = "UIInterfaceOrientationPortrait UIInterfaceOrientationPortraitUpsideDown UIInterfaceOrientationLandscapeLeft UIInterfaceOrientationLandscapeRight";
				INFOPLIST_KEY_UISupportedInterfaceOrientations_iPhone = "UIInterfaceOrientationPortrait UIInterfaceOrientationLandscapeLeft UIInterfaceOrientationLandscapeRight";
				LD_RUNPATH_SEARCH_PATHS = (
					"$(inherited)",
					"@executable_path/Frameworks",
				);
				MARKETING_VERSION = 1.0;
				PRODUCT_BUNDLE_IDENTIFIER = com.yourcompany.cnphetapp;
				PRODUCT_NAME = "$(TARGET_NAME)";
				SUPABASE_URL = "https://yveexbmtnlnsfwrpumgy.supabase.co";
				SWIFT_EMIT_LOC_STRINGS = YES;
				SWIFT_VERSION = 5.0;
				TARGETED_DEVICE_FAMILY = "1,2";
			};
			name = Debug;
		};
		828766E22E4B9469003D6767 /* Release */ = {
			isa = XCBuildConfiguration;
			baseConfigurationReference = 828767052E4C7759003D6767 /* Secrets.xcconfig */;
			buildSettings = {
				ASSETCATALOG_COMPILER_APPICON_NAME = AppIcon;
				ASSETCATALOG_COMPILER_GLOBAL_ACCENT_COLOR_NAME = AccentColor;
				CODE_SIGN_STYLE = Automatic;
				CURRENT_PROJECT_VERSION = 1;
				ENABLE_PREVIEWS = YES;
				GENERATE_INFOPLIST_FILE = YES;
				INFOPLIST_FILE = "CnPhetApp-iOS/Info.plist";
				INFOPLIST_KEY_CFBundleDisplayName = "理科实验室";
				INFOPLIST_KEY_UIApplicationSceneManifest_Generation = YES;
				INFOPLIST_KEY_UIApplicationSupportsIndirectInputEvents = YES;
				INFOPLIST_KEY_UILaunchScreen_Generation = YES;
				INFOPLIST_KEY_UISupportedInterfaceOrientations_iPad = "UIInterfaceOrientationPortrait UIInterfaceOrientationPortraitUpsideDown UIInterfaceOrientationLandscapeLeft UIInterfaceOrientationLandscapeRight";
				INFOPLIST_KEY_UISupportedInterfaceOrientations_iPhone = "UIInterfaceOrientationPortrait UIInterfaceOrientationLandscapeLeft UIInterfaceOrientationLandscapeRight";
				LD_RUNPATH_SEARCH_PATHS = (
					"$(inherited)",
					"@executable_path/Frameworks",
				);
				MARKETING_VERSION = 1.0;
				PRODUCT_BUNDLE_IDENTIFIER = com.yourcompany.cnphetapp;
				PRODUCT_NAME = "$(TARGET_NAME)";
				SUPABASE_URL = "https://yveexbmtnlnsfwrpumgy.supabase.co";
				SWIFT_EMIT_LOC_STRINGS = YES;
				SWIFT_VERSION = 5.0;
				TARGETED_DEVICE_FAMILY = "1,2";
			};
			name = Release;
		};
		828766E42E4B9469003D6767 /* Debug */ = {
			isa = XCBuildConfiguration;
			buildSettings = {
				BUNDLE_LOADER = "$(TEST_HOST)";
				CODE_SIGN_STYLE = Automatic;
				CURRENT_PROJECT_VERSION = 1;
				GENERATE_INFOPLIST_FILE = YES;
				IPHONEOS_DEPLOYMENT_TARGET = 18.5;
				MARKETING_VERSION = 1.0;
				PRODUCT_BUNDLE_IDENTIFIER = "com.stevengao.CnPhetApp-iOSTests";
				PRODUCT_NAME = "$(TARGET_NAME)";
				SWIFT_EMIT_LOC_STRINGS = NO;
				SWIFT_VERSION = 5.0;
				TARGETED_DEVICE_FAMILY = "1,2";
				TEST_HOST = "$(BUILT_PRODUCTS_DIR)/CnPhetApp-iOS.app/$(BUNDLE_EXECUTABLE_FOLDER_PATH)/CnPhetApp-iOS";
			};
			name = Debug;
		};
		828766E52E4B9469003D6767 /* Release */ = {
			isa = XCBuildConfiguration;
			buildSettings = {
				BUNDLE_LOADER = "$(TEST_HOST)";
				CODE_SIGN_STYLE = Automatic;
				CURRENT_PROJECT_VERSION = 1;
				GENERATE_INFOPLIST_FILE = YES;
				IPHONEOS_DEPLOYMENT_TARGET = 18.5;
				MARKETING_VERSION = 1.0;
				PRODUCT_BUNDLE_IDENTIFIER = "com.stevengao.CnPhetApp-iOSTests";
				PRODUCT_NAME = "$(TARGET_NAME)";
				SWIFT_EMIT_LOC_STRINGS = NO;
				SWIFT_VERSION = 5.0;
				TARGETED_DEVICE_FAMILY = "1,2";
				TEST_HOST = "$(BUILT_PRODUCTS_DIR)/CnPhetApp-iOS.app/$(BUNDLE_EXECUTABLE_FOLDER_PATH)/CnPhetApp-iOS";
			};
			name = Release;
		};
		828766E72E4B9469003D6767 /* Debug */ = {
			isa = XCBuildConfiguration;
			buildSettings = {
				CODE_SIGN_STYLE = Automatic;
				CURRENT_PROJECT_VERSION = 1;
				GENERATE_INFOPLIST_FILE = YES;
				MARKETING_VERSION = 1.0;
				PRODUCT_BUNDLE_IDENTIFIER = "com.stevengao.CnPhetApp-iOSUITests";
				PRODUCT_NAME = "$(TARGET_NAME)";
				SWIFT_EMIT_LOC_STRINGS = NO;
				SWIFT_VERSION = 5.0;
				TARGETED_DEVICE_FAMILY = "1,2";
				TEST_TARGET_NAME = "CnPhetApp-iOS";
			};
			name = Debug;
		};
		828766E82E4B9469003D6767 /* Release */ = {
			isa = XCBuildConfiguration;
			buildSettings = {
				CODE_SIGN_STYLE = Automatic;
				CURRENT_PROJECT_VERSION = 1;
				GENERATE_INFOPLIST_FILE = YES;
				MARKETING_VERSION = 1.0;
				PRODUCT_BUNDLE_IDENTIFIER = "com.stevengao.CnPhetApp-iOSUITests";
				PRODUCT_NAME = "$(TARGET_NAME)";
				SWIFT_EMIT_LOC_STRINGS = NO;
				SWIFT_VERSION = 5.0;
				TARGETED_DEVICE_FAMILY = "1,2";
				TEST_TARGET_NAME = "CnPhetApp-iOS";
			};
			name = Release;
		};
/* End XCBuildConfiguration section */

/* Begin XCConfigurationList section */
		828766BA2E4B9467003D6767 /* Build configuration list for PBXProject "CnPhetApp-iOS" */ = {
			isa = XCConfigurationList;
			buildConfigurations = (
				828766DE2E4B9469003D6767 /* Debug */,
				828766DF2E4B9469003D6767 /* Release */,
			);
			defaultConfigurationIsVisible = 0;
			defaultConfigurationName = Release;
		};
		828766E02E4B9469003D6767 /* Build configuration list for PBXNativeTarget "CnPhetApp-iOS" */ = {
			isa = XCConfigurationList;
			buildConfigurations = (
				828766E12E4B9469003D6767 /* Debug */,
				828766E22E4B9469003D6767 /* Release */,
			);
			defaultConfigurationIsVisible = 0;
			defaultConfigurationName = Release;
		};
		828766E32E4B9469003D6767 /* Build configuration list for PBXNativeTarget "CnPhetApp-iOSTests" */ = {
			isa = XCConfigurationList;
			buildConfigurations = (
				828766E42E4B9469003D6767 /* Debug */,
				828766E52E4B9469003D6767 /* Release */,
			);
			defaultConfigurationIsVisible = 0;
			defaultConfigurationName = Release;
		};
		828766E62E4B9469003D6767 /* Build configuration list for PBXNativeTarget "CnPhetApp-iOSUITests" */ = {
			isa = XCConfigurationList;
			buildConfigurations = (
				828766E72E4B9469003D6767 /* Debug */,
				828766E82E4B9469003D6767 /* Release */,
			);
			defaultConfigurationIsVisible = 0;
			defaultConfigurationName = Release;
		};
/* End XCConfigurationList section */

/* Begin XCRemoteSwiftPackageReference section */
		824232192E5827EB00A64204 /* XCRemoteSwiftPackageReference "Yams" */ = {
			isa = XCRemoteSwiftPackageReference;
			repositoryURL = "https://github.com/jpsim/Yams";
			requirement = {
				kind = upToNextMajorVersion;
				minimumVersion = 6.1.0;
			};
		};
		8242321C2E58362B00A64204 /* XCRemoteSwiftPackageReference "JSONSchema" */ = {
			isa = XCRemoteSwiftPackageReference;
			repositoryURL = "https://github.com/kylef/JSONSchema.swift";
			requirement = {
				kind = upToNextMajorVersion;
				minimumVersion = 0.6.0;
			};
		};
		8242323E2E585C8700A64204 /* XCRemoteSwiftPackageReference "SwiftyJSON" */ = {
			isa = XCRemoteSwiftPackageReference;
			repositoryURL = "https://github.com/SwiftyJSON/SwiftyJSON.git";
			requirement = {
				kind = upToNextMajorVersion;
				minimumVersion = 5.0.2;
			};
		};
		828767092E4C78ED003D6767 /* XCRemoteSwiftPackageReference "supabase-swift" */ = {
			isa = XCRemoteSwiftPackageReference;
			repositoryURL = "https://github.com/supabase-community/supabase-swift";
			requirement = {
				kind = upToNextMajorVersion;
				minimumVersion = 2.5.1;
			};
		};
/* End XCRemoteSwiftPackageReference section */

/* Begin XCSwiftPackageProductDependency section */
		8242321A2E58290900A64204 /* Yams */ = {
			isa = XCSwiftPackageProductDependency;
			package = 824232192E5827EB00A64204 /* XCRemoteSwiftPackageReference "Yams" */;
			productName = Yams;
		};
		8242321D2E58363700A64204 /* JSONSchema */ = {
			isa = XCSwiftPackageProductDependency;
			package = 8242321C2E58362B00A64204 /* XCRemoteSwiftPackageReference "JSONSchema" */;
			productName = JSONSchema;
		};
		8242323F2E585C8F00A64204 /* SwiftyJSON */ = {
			isa = XCSwiftPackageProductDependency;
			package = 8242323E2E585C8700A64204 /* XCRemoteSwiftPackageReference "SwiftyJSON" */;
			productName = SwiftyJSON;
		};
		8287671D2E4C7DEF003D6767 /* Supabase */ = {
			isa = XCSwiftPackageProductDependency;
			package = 828767092E4C78ED003D6767 /* XCRemoteSwiftPackageReference "supabase-swift" */;
			productName = Supabase;
		};
/* End XCSwiftPackageProductDependency section */
	};
	rootObject = 828766B72E4B9467003D6767 /* Project object */;
}
